// !$*UTF8*$!
{
	archiveVersion = 1;
	classes = {
	};
	objectVersion = 46;
	objects = {

/* Begin PBXBuildFile section */
		848B2AFD14F0EFA8003413DC /* Cocoa.framework in Frameworks */ = {isa = PBXBuildFile; fileRef = 848B2AFC14F0EFA8003413DC /* Cocoa.framework */; };
		848B2B0714F0EFA8003413DC /* InfoPlist.strings in Resources */ = {isa = PBXBuildFile; fileRef = 848B2B0514F0EFA8003413DC /* InfoPlist.strings */; };
		848B2B1314F0EFA8003413DC /* SenTestingKit.framework in Frameworks */ = {isa = PBXBuildFile; fileRef = 848B2B1214F0EFA8003413DC /* SenTestingKit.framework */; };
		848B2B1414F0EFA8003413DC /* Cocoa.framework in Frameworks */ = {isa = PBXBuildFile; fileRef = 848B2AFC14F0EFA8003413DC /* Cocoa.framework */; };
		848B2B1714F0EFA8003413DC /* ArchDirectoryObserver.framework in Frameworks */ = {isa = PBXBuildFile; fileRef = 848B2AF914F0EFA8003413DC /* ArchDirectoryObserver.framework */; };
		848B2B1D14F0EFA8003413DC /* InfoPlist.strings in Resources */ = {isa = PBXBuildFile; fileRef = 848B2B1B14F0EFA8003413DC /* InfoPlist.strings */; };
		848B2B2014F0EFA8003413DC /* ArchDirectoryObserverTests.m in Sources */ = {isa = PBXBuildFile; fileRef = 848B2B1F14F0EFA8003413DC /* ArchDirectoryObserverTests.m */; };
		848B2B2D14F0EFCB003413DC /* ArchDirectoryObservationCenter.h in Headers */ = {isa = PBXBuildFile; fileRef = 848B2B2914F0EFCB003413DC /* ArchDirectoryObservationCenter.h */; settings = {ATTRIBUTES = (Public, ); }; };
		848B2B2E14F0EFCB003413DC /* ArchDirectoryObservationCenter.m in Sources */ = {isa = PBXBuildFile; fileRef = 848B2B2A14F0EFCB003413DC /* ArchDirectoryObservationCenter.m */; };
		848B2B2F14F0EFCB003413DC /* NSURL+DirectoryObserver.h in Headers */ = {isa = PBXBuildFile; fileRef = 848B2B2B14F0EFCB003413DC /* NSURL+DirectoryObserver.h */; settings = {ATTRIBUTES = (Public, ); }; };
		848B2B3014F0EFCB003413DC /* NSURL+DirectoryObserver.m in Sources */ = {isa = PBXBuildFile; fileRef = 848B2B2C14F0EFCB003413DC /* NSURL+DirectoryObserver.m */; };
		848B2B4A14F0F78C003413DC /* README.md in Resources */ = {isa = PBXBuildFile; fileRef = 848B2B4914F0F78C003413DC /* README.md */; };
		84B420AE14F862EC0025E2C5 /* ArchDirectoryObserver.h in Headers */ = {isa = PBXBuildFile; fileRef = 848B2B0914F0EFA8003413DC /* ArchDirectoryObserver.h */; settings = {ATTRIBUTES = (Public, ); }; };
		84B420AF14F862EC0025E2C5 /* ArchDirectoryObserverTypes.h in Headers */ = {isa = PBXBuildFile; fileRef = 848B2B3114F0F050003413DC /* ArchDirectoryObserverTypes.h */; settings = {ATTRIBUTES = (Public, ); }; };
/* End PBXBuildFile section */

/* Begin PBXContainerItemProxy section */
		848B2B1514F0EFA8003413DC /* PBXContainerItemProxy */ = {
			isa = PBXContainerItemProxy;
			containerPortal = 848B2AEF14F0EFA8003413DC /* Project object */;
			proxyType = 1;
			remoteGlobalIDString = 848B2AF814F0EFA8003413DC;
			remoteInfo = ArchDirectoryObserver;
		};
/* End PBXContainerItemProxy section */

/* Begin PBXFileReference section */
		848B2AF914F0EFA8003413DC /* ArchDirectoryObserver.framework */ = {isa = PBXFileReference; explicitFileType = wrapper.framework; includeInIndex = 0; path = ArchDirectoryObserver.framework; sourceTree = BUILT_PRODUCTS_DIR; };
		848B2AFC14F0EFA8003413DC /* Cocoa.framework */ = {isa = PBXFileReference; lastKnownFileType = wrapper.framework; name = Cocoa.framework; path = System/Library/Frameworks/Cocoa.framework; sourceTree = SDKROOT; };
		848B2AFF14F0EFA8003413DC /* AppKit.framework */ = {isa = PBXFileReference; lastKnownFileType = wrapper.framework; name = AppKit.framework; path = System/Library/Frameworks/AppKit.framework; sourceTree = SDKROOT; };
		848B2B0014F0EFA8003413DC /* CoreData.framework */ = {isa = PBXFileReference; lastKnownFileType = wrapper.framework; name = CoreData.framework; path = System/Library/Frameworks/CoreData.framework; sourceTree = SDKROOT; };
		848B2B0114F0EFA8003413DC /* Foundation.framework */ = {isa = PBXFileReference; lastKnownFileType = wrapper.framework; name = Foundation.framework; path = System/Library/Frameworks/Foundation.framework; sourceTree = SDKROOT; };
		848B2B0414F0EFA8003413DC /* ArchDirectoryObserver-Info.plist */ = {isa = PBXFileReference; lastKnownFileType = text.plist.xml; path = "ArchDirectoryObserver-Info.plist"; sourceTree = "<group>"; };
		848B2B0614F0EFA8003413DC /* en */ = {isa = PBXFileReference; lastKnownFileType = text.plist.strings; name = en; path = en.lproj/InfoPlist.strings; sourceTree = "<group>"; };
		848B2B0814F0EFA8003413DC /* ArchDirectoryObserver-Prefix.pch */ = {isa = PBXFileReference; lastKnownFileType = sourcecode.c.h; path = "ArchDirectoryObserver-Prefix.pch"; sourceTree = "<group>"; };
		848B2B0914F0EFA8003413DC /* ArchDirectoryObserver.h */ = {isa = PBXFileReference; lastKnownFileType = sourcecode.c.h; path = ArchDirectoryObserver.h; sourceTree = "<group>"; };
		848B2B1114F0EFA8003413DC /* ArchDirectoryObserverTests.octest */ = {isa = PBXFileReference; explicitFileType = wrapper.cfbundle; includeInIndex = 0; path = ArchDirectoryObserverTests.octest; sourceTree = BUILT_PRODUCTS_DIR; };
		848B2B1214F0EFA8003413DC /* SenTestingKit.framework */ = {isa = PBXFileReference; lastKnownFileType = wrapper.framework; name = SenTestingKit.framework; path = Library/Frameworks/SenTestingKit.framework; sourceTree = DEVELOPER_DIR; };
		848B2B1A14F0EFA8003413DC /* ArchDirectoryObserverTests-Info.plist */ = {isa = PBXFileReference; lastKnownFileType = text.plist.xml; path = "ArchDirectoryObserverTests-Info.plist"; sourceTree = "<group>"; };
		848B2B1C14F0EFA8003413DC /* en */ = {isa = PBXFileReference; lastKnownFileType = text.plist.strings; name = en; path = en.lproj/InfoPlist.strings; sourceTree = "<group>"; };
		848B2B1E14F0EFA8003413DC /* ArchDirectoryObserverTests.h */ = {isa = PBXFileReference; lastKnownFileType = sourcecode.c.h; path = ArchDirectoryObserverTests.h; sourceTree = "<group>"; };
		848B2B1F14F0EFA8003413DC /* ArchDirectoryObserverTests.m */ = {isa = PBXFileReference; lastKnownFileType = sourcecode.c.objc; path = ArchDirectoryObserverTests.m; sourceTree = "<group>"; };
		848B2B2914F0EFCB003413DC /* ArchDirectoryObservationCenter.h */ = {isa = PBXFileReference; fileEncoding = 4; lastKnownFileType = sourcecode.c.h; path = ArchDirectoryObservationCenter.h; sourceTree = "<group>"; };
		848B2B2A14F0EFCB003413DC /* ArchDirectoryObservationCenter.m */ = {isa = PBXFileReference; fileEncoding = 4; lastKnownFileType = sourcecode.c.objc; path = ArchDirectoryObservationCenter.m; sourceTree = "<group>"; };
		848B2B2B14F0EFCB003413DC /* NSURL+DirectoryObserver.h */ = {isa = PBXFileReference; fileEncoding = 4; lastKnownFileType = sourcecode.c.h; path = "NSURL+DirectoryObserver.h"; sourceTree = "<group>"; };
		848B2B2C14F0EFCB003413DC /* NSURL+DirectoryObserver.m */ = {isa = PBXFileReference; fileEncoding = 4; lastKnownFileType = sourcecode.c.objc; path = "NSURL+DirectoryObserver.m"; sourceTree = "<group>"; };
		848B2B3114F0F050003413DC /* ArchDirectoryObserverTypes.h */ = {isa = PBXFileReference; lastKnownFileType = sourcecode.c.h; path = ArchDirectoryObserverTypes.h; sourceTree = "<group>"; };
		848B2B4914F0F78C003413DC /* README.md */ = {isa = PBXFileReference; fileEncoding = 4; lastKnownFileType = text; path = README.md; sourceTree = "<group>"; };
/* End PBXFileReference section */

/* Begin PBXFrameworksBuildPhase section */
		848B2AF514F0EFA8003413DC /* Frameworks */ = {
			isa = PBXFrameworksBuildPhase;
			buildActionMask = 2147483647;
			files = (
				848B2AFD14F0EFA8003413DC /* Cocoa.framework in Frameworks */,
			);
			runOnlyForDeploymentPostprocessing = 0;
		};
		848B2B0D14F0EFA8003413DC /* Frameworks */ = {
			isa = PBXFrameworksBuildPhase;
			buildActionMask = 2147483647;
			files = (
				848B2B1314F0EFA8003413DC /* SenTestingKit.framework in Frameworks */,
				848B2B1414F0EFA8003413DC /* Cocoa.framework in Frameworks */,
				848B2B1714F0EFA8003413DC /* ArchDirectoryObserver.framework in Frameworks */,
			);
			runOnlyForDeploymentPostprocessing = 0;
		};
/* End PBXFrameworksBuildPhase section */

/* Begin PBXGroup section */
		848B2AED14F0EFA8003413DC = {
			isa = PBXGroup;
			children = (
				848B2B4914F0F78C003413DC /* README.md */,
				848B2B0214F0EFA8003413DC /* ArchDirectoryObserver */,
				848B2B1814F0EFA8003413DC /* ArchDirectoryObserverTests */,
				848B2AFB14F0EFA8003413DC /* Frameworks */,
				848B2AFA14F0EFA8003413DC /* Products */,
			);
			sourceTree = "<group>";
		};
		848B2AFA14F0EFA8003413DC /* Products */ = {
			isa = PBXGroup;
			children = (
				848B2AF914F0EFA8003413DC /* ArchDirectoryObserver.framework */,
				848B2B1114F0EFA8003413DC /* ArchDirectoryObserverTests.octest */,
			);
			name = Products;
			sourceTree = "<group>";
		};
		848B2AFB14F0EFA8003413DC /* Frameworks */ = {
			isa = PBXGroup;
			children = (
				848B2AFC14F0EFA8003413DC /* Cocoa.framework */,
				848B2B1214F0EFA8003413DC /* SenTestingKit.framework */,
				848B2AFE14F0EFA8003413DC /* Other Frameworks */,
			);
			name = Frameworks;
			sourceTree = "<group>";
		};
		848B2AFE14F0EFA8003413DC /* Other Frameworks */ = {
			isa = PBXGroup;
			children = (
				848B2AFF14F0EFA8003413DC /* AppKit.framework */,
				848B2B0014F0EFA8003413DC /* CoreData.framework */,
				848B2B0114F0EFA8003413DC /* Foundation.framework */,
			);
			name = "Other Frameworks";
			sourceTree = "<group>";
		};
		848B2B0214F0EFA8003413DC /* ArchDirectoryObserver */ = {
			isa = PBXGroup;
			children = (
				848B2B0914F0EFA8003413DC /* ArchDirectoryObserver.h */,
				848B2B3114F0F050003413DC /* ArchDirectoryObserverTypes.h */,
				848B2B2B14F0EFCB003413DC /* NSURL+DirectoryObserver.h */,
				848B2B2C14F0EFCB003413DC /* NSURL+DirectoryObserver.m */,
				848B2B2914F0EFCB003413DC /* ArchDirectoryObservationCenter.h */,
				848B2B2A14F0EFCB003413DC /* ArchDirectoryObservationCenter.m */,
				848B2B0314F0EFA8003413DC /* Supporting Files */,
			);
			path = ArchDirectoryObserver;
			sourceTree = "<group>";
		};
		848B2B0314F0EFA8003413DC /* Supporting Files */ = {
			isa = PBXGroup;
			children = (
				848B2B0414F0EFA8003413DC /* ArchDirectoryObserver-Info.plist */,
				848B2B0514F0EFA8003413DC /* InfoPlist.strings */,
				848B2B0814F0EFA8003413DC /* ArchDirectoryObserver-Prefix.pch */,
			);
			name = "Supporting Files";
			sourceTree = "<group>";
		};
		848B2B1814F0EFA8003413DC /* ArchDirectoryObserverTests */ = {
			isa = PBXGroup;
			children = (
				848B2B1E14F0EFA8003413DC /* ArchDirectoryObserverTests.h */,
				848B2B1F14F0EFA8003413DC /* ArchDirectoryObserverTests.m */,
				848B2B1914F0EFA8003413DC /* Supporting Files */,
			);
			path = ArchDirectoryObserverTests;
			sourceTree = "<group>";
		};
		848B2B1914F0EFA8003413DC /* Supporting Files */ = {
			isa = PBXGroup;
			children = (
				848B2B1A14F0EFA8003413DC /* ArchDirectoryObserverTests-Info.plist */,
				848B2B1B14F0EFA8003413DC /* InfoPlist.strings */,
			);
			name = "Supporting Files";
			sourceTree = "<group>";
		};
/* End PBXGroup section */

/* Begin PBXHeadersBuildPhase section */
		848B2AF614F0EFA8003413DC /* Headers */ = {
			isa = PBXHeadersBuildPhase;
			buildActionMask = 2147483647;
			files = (
				848B2B2D14F0EFCB003413DC /* ArchDirectoryObservationCenter.h in Headers */,
				848B2B2F14F0EFCB003413DC /* NSURL+DirectoryObserver.h in Headers */,
				84B420AE14F862EC0025E2C5 /* ArchDirectoryObserver.h in Headers */,
				84B420AF14F862EC0025E2C5 /* ArchDirectoryObserverTypes.h in Headers */,
			);
			runOnlyForDeploymentPostprocessing = 0;
		};
/* End PBXHeadersBuildPhase section */

/* Begin PBXNativeTarget section */
		848B2AF814F0EFA8003413DC /* ArchDirectoryObserver */ = {
			isa = PBXNativeTarget;
			buildConfigurationList = 848B2B2314F0EFA8003413DC /* Build configuration list for PBXNativeTarget "ArchDirectoryObserver" */;
			buildPhases = (
				848B2AF414F0EFA8003413DC /* Sources */,
				848B2AF514F0EFA8003413DC /* Frameworks */,
				848B2AF614F0EFA8003413DC /* Headers */,
				848B2AF714F0EFA8003413DC /* Resources */,
			);
			buildRules = (
			);
			dependencies = (
			);
			name = ArchDirectoryObserver;
			productName = ArchDirectoryObserver;
			productReference = 848B2AF914F0EFA8003413DC /* ArchDirectoryObserver.framework */;
			productType = "com.apple.product-type.framework";
		};
		848B2B1014F0EFA8003413DC /* ArchDirectoryObserverTests */ = {
			isa = PBXNativeTarget;
			buildConfigurationList = 848B2B2614F0EFA8003413DC /* Build configuration list for PBXNativeTarget "ArchDirectoryObserverTests" */;
			buildPhases = (
				848B2B0C14F0EFA8003413DC /* Sources */,
				848B2B0D14F0EFA8003413DC /* Frameworks */,
				848B2B0E14F0EFA8003413DC /* Resources */,
				848B2B0F14F0EFA8003413DC /* ShellScript */,
			);
			buildRules = (
			);
			dependencies = (
				848B2B1614F0EFA8003413DC /* PBXTargetDependency */,
			);
			name = ArchDirectoryObserverTests;
			productName = ArchDirectoryObserverTests;
			productReference = 848B2B1114F0EFA8003413DC /* ArchDirectoryObserverTests.octest */;
			productType = "com.apple.product-type.bundle";
		};
/* End PBXNativeTarget section */

/* Begin PBXProject section */
		848B2AEF14F0EFA8003413DC /* Project object */ = {
			isa = PBXProject;
			attributes = {
				LastUpgradeCheck = 0430;
				ORGANIZATIONNAME = Architechies;
			};
			buildConfigurationList = 848B2AF214F0EFA8003413DC /* Build configuration list for PBXProject "ArchDirectoryObserver" */;
			compatibilityVersion = "Xcode 3.2";
			developmentRegion = English;
			hasScannedForEncodings = 0;
			knownRegions = (
				en,
			);
			mainGroup = 848B2AED14F0EFA8003413DC;
			productRefGroup = 848B2AFA14F0EFA8003413DC /* Products */;
			projectDirPath = "";
			projectRoot = "";
			targets = (
				848B2AF814F0EFA8003413DC /* ArchDirectoryObserver */,
				848B2B1014F0EFA8003413DC /* ArchDirectoryObserverTests */,
			);
		};
/* End PBXProject section */

/* Begin PBXResourcesBuildPhase section */
		848B2AF714F0EFA8003413DC /* Resources */ = {
			isa = PBXResourcesBuildPhase;
			buildActionMask = 2147483647;
			files = (
				848B2B0714F0EFA8003413DC /* InfoPlist.strings in Resources */,
				848B2B4A14F0F78C003413DC /* README.md in Resources */,
			);
			runOnlyForDeploymentPostprocessing = 0;
		};
		848B2B0E14F0EFA8003413DC /* Resources */ = {
			isa = PBXResourcesBuildPhase;
			buildActionMask = 2147483647;
			files = (
				848B2B1D14F0EFA8003413DC /* InfoPlist.strings in Resources */,
			);
			runOnlyForDeploymentPostprocessing = 0;
		};
/* End PBXResourcesBuildPhase section */

/* Begin PBXShellScriptBuildPhase section */
		848B2B0F14F0EFA8003413DC /* ShellScript */ = {
			isa = PBXShellScriptBuildPhase;
			buildActionMask = 2147483647;
			files = (
			);
			inputPaths = (
			);
			outputPaths = (
			);
			runOnlyForDeploymentPostprocessing = 0;
			shellPath = /bin/sh;
			shellScript = "# Run the unit tests in this test bundle.\n\"${SYSTEM_DEVELOPER_DIR}/Tools/RunUnitTests\"\n";
		};
/* End PBXShellScriptBuildPhase section */

/* Begin PBXSourcesBuildPhase section */
		848B2AF414F0EFA8003413DC /* Sources */ = {
			isa = PBXSourcesBuildPhase;
			buildActionMask = 2147483647;
			files = (
				848B2B2E14F0EFCB003413DC /* ArchDirectoryObservationCenter.m in Sources */,
				848B2B3014F0EFCB003413DC /* NSURL+DirectoryObserver.m in Sources */,
			);
			runOnlyForDeploymentPostprocessing = 0;
		};
		848B2B0C14F0EFA8003413DC /* Sources */ = {
			isa = PBXSourcesBuildPhase;
			buildActionMask = 2147483647;
			files = (
				848B2B2014F0EFA8003413DC /* ArchDirectoryObserverTests.m in Sources */,
			);
			runOnlyForDeploymentPostprocessing = 0;
		};
/* End PBXSourcesBuildPhase section */

/* Begin PBXTargetDependency section */
		848B2B1614F0EFA8003413DC /* PBXTargetDependency */ = {
			isa = PBXTargetDependency;
			target = 848B2AF814F0EFA8003413DC /* ArchDirectoryObserver */;
			targetProxy = 848B2B1514F0EFA8003413DC /* PBXContainerItemProxy */;
		};
/* End PBXTargetDependency section */

/* Begin PBXVariantGroup section */
		848B2B0514F0EFA8003413DC /* InfoPlist.strings */ = {
			isa = PBXVariantGroup;
			children = (
				848B2B0614F0EFA8003413DC /* en */,
			);
			name = InfoPlist.strings;
			sourceTree = "<group>";
		};
		848B2B1B14F0EFA8003413DC /* InfoPlist.strings */ = {
			isa = PBXVariantGroup;
			children = (
				848B2B1C14F0EFA8003413DC /* en */,
			);
			name = InfoPlist.strings;
			sourceTree = "<group>";
		};
/* End PBXVariantGroup section */

/* Begin XCBuildConfiguration section */
		848B2B2114F0EFA8003413DC /* Debug */ = {
			isa = XCBuildConfiguration;
			buildSettings = {
				ALWAYS_SEARCH_USER_PATHS = NO;
				ARCHS = "$(ARCHS_STANDARD_64_BIT)";
				CLANG_ENABLE_OBJC_ARC = YES;
				COPY_PHASE_STRIP = NO;
				GCC_C_LANGUAGE_STANDARD = gnu99;
				GCC_DYNAMIC_NO_PIC = NO;
				GCC_ENABLE_OBJC_EXCEPTIONS = YES;
				GCC_OPTIMIZATION_LEVEL = 0;
				GCC_PREPROCESSOR_DEFINITIONS = (
					"DEBUG=1",
					"$(inherited)",
				);
				GCC_SYMBOLS_PRIVATE_EXTERN = NO;
				GCC_VERSION = com.apple.compilers.llvm.clang.1_0;
				GCC_WARN_64_TO_32_BIT_CONVERSION = YES;
				GCC_WARN_ABOUT_RETURN_TYPE = YES;
				GCC_WARN_UNINITIALIZED_AUTOS = YES;
				GCC_WARN_UNUSED_VARIABLE = YES;
				MACOSX_DEPLOYMENT_TARGET = 10.7;
				ONLY_ACTIVE_ARCH = YES;
				SDKROOT = macosx;
			};
			name = Debug;
		};
		848B2B2214F0EFA8003413DC /* Release */ = {
			isa = XCBuildConfiguration;
			buildSettings = {
				ALWAYS_SEARCH_USER_PATHS = NO;
				ARCHS = "$(ARCHS_STANDARD_64_BIT)";
				CLANG_ENABLE_OBJC_ARC = YES;
				COPY_PHASE_STRIP = YES;
				DEBUG_INFORMATION_FORMAT = "dwarf-with-dsym";
				GCC_C_LANGUAGE_STANDARD = gnu99;
				GCC_ENABLE_OBJC_EXCEPTIONS = YES;
				GCC_VERSION = com.apple.compilers.llvm.clang.1_0;
				GCC_WARN_64_TO_32_BIT_CONVERSION = YES;
				GCC_WARN_ABOUT_RETURN_TYPE = YES;
				GCC_WARN_UNINITIALIZED_AUTOS = YES;
				GCC_WARN_UNUSED_VARIABLE = YES;
				MACOSX_DEPLOYMENT_TARGET = 10.7;
				SDKROOT = macosx;
			};
			name = Release;
		};
		848B2B2414F0EFA8003413DC /* Debug */ = {
			isa = XCBuildConfiguration;
			buildSettings = {
				DYLIB_COMPATIBILITY_VERSION = 1;
				DYLIB_CURRENT_VERSION = 1;
				FRAMEWORK_VERSION = A;
				GCC_PRECOMPILE_PREFIX_HEADER = YES;
				GCC_PREFIX_HEADER = "ArchDirectoryObserver/ArchDirectoryObserver-Prefix.pch";
				INFOPLIST_FILE = "ArchDirectoryObserver/ArchDirectoryObserver-Info.plist";
				INSTALL_PATH = "@executable_path/../Frameworks";
				PRODUCT_NAME = "$(TARGET_NAME)";
				WRAPPER_EXTENSION = framework;
			};
			name = Debug;
		};
		848B2B2514F0EFA8003413DC /* Release */ = {
			isa = XCBuildConfiguration;
			buildSettings = {
				DYLIB_COMPATIBILITY_VERSION = 1;
				DYLIB_CURRENT_VERSION = 1;
				FRAMEWORK_VERSION = A;
				GCC_PRECOMPILE_PREFIX_HEADER = YES;
				GCC_PREFIX_HEADER = "ArchDirectoryObserver/ArchDirectoryObserver-Prefix.pch";
				INFOPLIST_FILE = "ArchDirectoryObserver/ArchDirectoryObserver-Info.plist";
				INSTALL_PATH = "@executable_path/../Frameworks";
				PRODUCT_NAME = "$(TARGET_NAME)";
				WRAPPER_EXTENSION = framework;
			};
			name = Release;
		};
		848B2B2714F0EFA8003413DC /* Debug */ = {
			isa = XCBuildConfiguration;
			buildSettings = {
				FRAMEWORK_SEARCH_PATHS = "$(DEVELOPER_LIBRARY_DIR)/Frameworks";
				GCC_PRECOMPILE_PREFIX_HEADER = YES;
				GCC_PREFIX_HEADER = "ArchDirectoryObserver/ArchDirectoryObserver-Prefix.pch";
				INFOPLIST_FILE = "ArchDirectoryObserverTests/ArchDirectoryObserverTests-Info.plist";
				PRODUCT_NAME = "$(TARGET_NAME)";
				WRAPPER_EXTENSION = octest;
			};
			name = Debug;
		};
		848B2B2814F0EFA8003413DC /* Release */ = {
			isa = XCBuildConfiguration;
			buildSettings = {
				FRAMEWORK_SEARCH_PATHS = "$(DEVELOPER_LIBRARY_DIR)/Frameworks";
				GCC_PRECOMPILE_PREFIX_HEADER = YES;
				GCC_PREFIX_HEADER = "ArchDirectoryObserver/ArchDirectoryObserver-Prefix.pch";
				INFOPLIST_FILE = "ArchDirectoryObserverTests/ArchDirectoryObserverTests-Info.plist";
				PRODUCT_NAME = "$(TARGET_NAME)";
				WRAPPER_EXTENSION = octest;
			};
			name = Release;
		};
/* End XCBuildConfiguration section */

/* Begin XCConfigurationList section */
		848B2AF214F0EFA8003413DC /* Build configuration list for PBXProject "ArchDirectoryObserver" */ = {
			isa = XCConfigurationList;
			buildConfigurations = (
				848B2B2114F0EFA8003413DC /* Debug */,
				848B2B2214F0EFA8003413DC /* Release */,
			);
			defaultConfigurationIsVisible = 0;
			defaultConfigurationName = Release;
		};
		848B2B2314F0EFA8003413DC /* Build configuration list for PBXNativeTarget "ArchDirectoryObserver" */ = {
			isa = XCConfigurationList;
			buildConfigurations = (
				848B2B2414F0EFA8003413DC /* Debug */,
				848B2B2514F0EFA8003413DC /* Release */,
			);
			defaultConfigurationIsVisible = 0;
			defaultConfigurationName = Release;
		};
		848B2B2614F0EFA8003413DC /* Build configuration list for PBXNativeTarget "ArchDirectoryObserverTests" */ = {
			isa = XCConfigurationList;
			buildConfigurations = (
				848B2B2714F0EFA8003413DC /* Debug */,
				848B2B2814F0EFA8003413DC /* Release */,
			);
			defaultConfigurationIsVisible = 0;
			defaultConfigurationName = Release;
		};
/* End XCConfigurationList section */
	};
	rootObject = 848B2AEF14F0EFA8003413DC /* Project object */;
}
