// !$*UTF8*$!
{
	archiveVersion = 1;
	classes = {
	};
	objectVersion = 46;
	objects = {

/* Begin PBXBuildFile section */
		7BA1E51C1938F25500860F39 /* main.m in Sources */ = {isa = PBXBuildFile; fileRef = 7BA1E51B1938F25500860F39 /* main.m */; };
		7BBF2C5B1940A74500FC6480 /* ArchDirectoryObserver.framework in Frameworks */ = {isa = PBXBuildFile; fileRef = 848B2AF914F0EFA8003413DC /* ArchDirectoryObserver.framework */; };
		848B2B2D14F0EFCB003413DC /* ArchDirectoryObservationCenter.h in Headers */ = {isa = PBXBuildFile; fileRef = 848B2B2914F0EFCB003413DC /* ArchDirectoryObservationCenter.h */; settings = {ATTRIBUTES = (Public, ); }; };
		848B2B2E14F0EFCB003413DC /* ArchDirectoryObservationCenter.m in Sources */ = {isa = PBXBuildFile; fileRef = 848B2B2A14F0EFCB003413DC /* ArchDirectoryObservationCenter.m */; };
		848B2B3014F0EFCB003413DC /* NSURL+DirectoryObserver.m in Sources */ = {isa = PBXBuildFile; fileRef = 848B2B2C14F0EFCB003413DC /* NSURL+DirectoryObserver.m */; };
		848B2B4A14F0F78C003413DC /* README.md in Resources */ = {isa = PBXBuildFile; fileRef = 848B2B4914F0F78C003413DC /* README.md */; };
		84B420AE14F862EC0025E2C5 /* ArchDirectoryObserver.h in Headers */ = {isa = PBXBuildFile; fileRef = 848B2B0914F0EFA8003413DC /* ArchDirectoryObserver.h */; settings = {ATTRIBUTES = (Public, ); }; };
/* End PBXBuildFile section */

/* Begin PBXContainerItemProxy section */
		7BA1E5241938F2AD00860F39 /* PBXContainerItemProxy */ = {
			isa = PBXContainerItemProxy;
			containerPortal = 848B2AEF14F0EFA8003413DC /* Project object */;
			proxyType = 1;
			remoteGlobalIDString = 848B2AF814F0EFA8003413DC;
			remoteInfo = ArchDirectoryObserver;
		};
/* End PBXContainerItemProxy section */

/* Begin PBXCopyFilesBuildPhase section */
		7BA1E5151938F25500860F39 /* CopyFiles */ = {
			isa = PBXCopyFilesBuildPhase;
			buildActionMask = 2147483647;
			dstPath = /usr/share/man/man1/;
			dstSubfolderSpec = 0;
			files = (
			);
			runOnlyForDeploymentPostprocessing = 1;
		};
/* End PBXCopyFilesBuildPhase section */

/* Begin PBXFileReference section */
		7BA1E5171938F25500860F39 /* Example */ = {isa = PBXFileReference; explicitFileType = "compiled.mach-o.executable"; includeInIndex = 0; path = Example; sourceTree = BUILT_PRODUCTS_DIR; };
		7BA1E51B1938F25500860F39 /* main.m */ = {isa = PBXFileReference; lastKnownFileType = sourcecode.c.objc; path = main.m; sourceTree = "<group>"; };
		848B2AF914F0EFA8003413DC /* ArchDirectoryObserver.framework */ = {isa = PBXFileReference; explicitFileType = wrapper.framework; includeInIndex = 0; path = ArchDirectoryObserver.framework; sourceTree = BUILT_PRODUCTS_DIR; };
		848B2B0414F0EFA8003413DC /* ArchDirectoryObserver-Info.plist */ = {isa = PBXFileReference; lastKnownFileType = text.plist.xml; path = "ArchDirectoryObserver-Info.plist"; sourceTree = "<group>"; };
		848B2B0914F0EFA8003413DC /* ArchDirectoryObserver.h */ = {isa = PBXFileReference; lastKnownFileType = sourcecode.c.h; path = ArchDirectoryObserver.h; sourceTree = "<group>"; wrapsLines = 1; };
		848B2B2914F0EFCB003413DC /* ArchDirectoryObservationCenter.h */ = {isa = PBXFileReference; fileEncoding = 4; lastKnownFileType = sourcecode.c.h; path = ArchDirectoryObservationCenter.h; sourceTree = "<group>"; };
		848B2B2A14F0EFCB003413DC /* ArchDirectoryObservationCenter.m */ = {isa = PBXFileReference; fileEncoding = 4; lastKnownFileType = sourcecode.c.objc; path = ArchDirectoryObservationCenter.m; sourceTree = "<group>"; };
		848B2B2C14F0EFCB003413DC /* NSURL+DirectoryObserver.m */ = {isa = PBXFileReference; fileEncoding = 4; lastKnownFileType = sourcecode.c.objc; path = "NSURL+DirectoryObserver.m"; sourceTree = "<group>"; };
		848B2B4914F0F78C003413DC /* README.md */ = {isa = PBXFileReference; fileEncoding = 4; lastKnownFileType = text; path = README.md; sourceTree = "<group>"; };
/* End PBXFileReference section */

/* Begin PBXFrameworksBuildPhase section */
		7BA1E5141938F25500860F39 /* Frameworks */ = {
			isa = PBXFrameworksBuildPhase;
			buildActionMask = 2147483647;
			files = (
				7BBF2C5B1940A74500FC6480 /* ArchDirectoryObserver.framework in Frameworks */,
			);
			runOnlyForDeploymentPostprocessing = 0;
		};
		848B2AF514F0EFA8003413DC /* Frameworks */ = {
			isa = PBXFrameworksBuildPhase;
			buildActionMask = 2147483647;
			files = (
			);
			runOnlyForDeploymentPostprocessing = 0;
		};
/* End PBXFrameworksBuildPhase section */

/* Begin PBXGroup section */
		7BA1E51A1938F25500860F39 /* Example */ = {
			isa = PBXGroup;
			children = (
				7BA1E51B1938F25500860F39 /* main.m */,
			);
			path = Example;
			sourceTree = "<group>";
		};
		848B2AED14F0EFA8003413DC = {
			isa = PBXGroup;
			children = (
				848B2B4914F0F78C003413DC /* README.md */,
				848B2B0214F0EFA8003413DC /* ArchDirectoryObserver */,
				7BA1E51A1938F25500860F39 /* Example */,
				848B2AFA14F0EFA8003413DC /* Products */,
			);
			sourceTree = "<group>";
		};
		848B2AFA14F0EFA8003413DC /* Products */ = {
			isa = PBXGroup;
			children = (
				848B2AF914F0EFA8003413DC /* ArchDirectoryObserver.framework */,
				7BA1E5171938F25500860F39 /* Example */,
			);
			name = Products;
			sourceTree = "<group>";
		};
		848B2B0214F0EFA8003413DC /* ArchDirectoryObserver */ = {
			isa = PBXGroup;
			children = (
				848B2B0914F0EFA8003413DC /* ArchDirectoryObserver.h */,
				848B2B2C14F0EFCB003413DC /* NSURL+DirectoryObserver.m */,
				848B2B2914F0EFCB003413DC /* ArchDirectoryObservationCenter.h */,
				848B2B2A14F0EFCB003413DC /* ArchDirectoryObservationCenter.m */,
				848B2B0314F0EFA8003413DC /* Supporting Files */,
			);
			path = ArchDirectoryObserver;
			sourceTree = "<group>";
		};
		848B2B0314F0EFA8003413DC /* Supporting Files */ = {
			isa = PBXGroup;
			children = (
				848B2B0414F0EFA8003413DC /* ArchDirectoryObserver-Info.plist */,
			);
			name = "Supporting Files";
			sourceTree = "<group>";
		};
/* End PBXGroup section */

/* Begin PBXHeadersBuildPhase section */
		848B2AF614F0EFA8003413DC /* Headers */ = {
			isa = PBXHeadersBuildPhase;
			buildActionMask = 2147483647;
			files = (
				848B2B2D14F0EFCB003413DC /* ArchDirectoryObservationCenter.h in Headers */,
				84B420AE14F862EC0025E2C5 /* ArchDirectoryObserver.h in Headers */,
			);
			runOnlyForDeploymentPostprocessing = 0;
		};
/* End PBXHeadersBuildPhase section */

/* Begin PBXNativeTarget section */
		7BA1E5161938F25500860F39 /* Example */ = {
			isa = PBXNativeTarget;
			buildConfigurationList = 7BA1E5211938F25500860F39 /* Build configuration list for PBXNativeTarget "Example" */;
			buildPhases = (
				7BA1E5131938F25500860F39 /* Sources */,
				7BA1E5141938F25500860F39 /* Frameworks */,
				7BA1E5151938F25500860F39 /* CopyFiles */,
			);
			buildRules = (
			);
			dependencies = (
				7BA1E5251938F2AD00860F39 /* PBXTargetDependency */,
			);
			name = Example;
			productName = Example;
			productReference = 7BA1E5171938F25500860F39 /* Example */;
			productType = "com.apple.product-type.tool";
		};
		848B2AF814F0EFA8003413DC /* ArchDirectoryObserver */ = {
			isa = PBXNativeTarget;
			buildConfigurationList = 848B2B2314F0EFA8003413DC /* Build configuration list for PBXNativeTarget "ArchDirectoryObserver" */;
			buildPhases = (
				848B2AF414F0EFA8003413DC /* Sources */,
				848B2AF514F0EFA8003413DC /* Frameworks */,
				848B2AF614F0EFA8003413DC /* Headers */,
				848B2AF714F0EFA8003413DC /* Resources */,
			);
			buildRules = (
			);
			dependencies = (
			);
			name = ArchDirectoryObserver;
			productName = ArchDirectoryObserver;
			productReference = 848B2AF914F0EFA8003413DC /* ArchDirectoryObserver.framework */;
			productType = "com.apple.product-type.framework";
		};
/* End PBXNativeTarget section */

/* Begin PBXProject section */
		848B2AEF14F0EFA8003413DC /* Project object */ = {
			isa = PBXProject;
			attributes = {
				LastTestingUpgradeCheck = 0510;
				LastUpgradeCheck = 0510;
				ORGANIZATIONNAME = Architechies;
			};
			buildConfigurationList = 848B2AF214F0EFA8003413DC /* Build configuration list for PBXProject "ArchDirectoryObserver" */;
			compatibilityVersion = "Xcode 3.2";
			developmentRegion = English;
			hasScannedForEncodings = 0;
			knownRegions = (
				en,
			);
			mainGroup = 848B2AED14F0EFA8003413DC;
			productRefGroup = 848B2AFA14F0EFA8003413DC /* Products */;
			projectDirPath = "";
			projectRoot = "";
			targets = (
				848B2AF814F0EFA8003413DC /* ArchDirectoryObserver */,
				7BA1E5161938F25500860F39 /* Example */,
			);
		};
/* End PBXProject section */

/* Begin PBXResourcesBuildPhase section */
		848B2AF714F0EFA8003413DC /* Resources */ = {
			isa = PBXResourcesBuildPhase;
			buildActionMask = 2147483647;
			files = (
				848B2B4A14F0F78C003413DC /* README.md in Resources */,
			);
			runOnlyForDeploymentPostprocessing = 0;
		};
/* End PBXResourcesBuildPhase section */

/* Begin PBXSourcesBuildPhase section */
		7BA1E5131938F25500860F39 /* Sources */ = {
			isa = PBXSourcesBuildPhase;
			buildActionMask = 2147483647;
			files = (
				7BA1E51C1938F25500860F39 /* main.m in Sources */,
			);
			runOnlyForDeploymentPostprocessing = 0;
		};
		848B2AF414F0EFA8003413DC /* Sources */ = {
			isa = PBXSourcesBuildPhase;
			buildActionMask = 2147483647;
			files = (
				848B2B2E14F0EFCB003413DC /* ArchDirectoryObservationCenter.m in Sources */,
				848B2B3014F0EFCB003413DC /* NSURL+DirectoryObserver.m in Sources */,
			);
			runOnlyForDeploymentPostprocessing = 0;
		};
/* End PBXSourcesBuildPhase section */

/* Begin PBXTargetDependency section */
		7BA1E5251938F2AD00860F39 /* PBXTargetDependency */ = {
			isa = PBXTargetDependency;
			target = 848B2AF814F0EFA8003413DC /* ArchDirectoryObserver */;
			targetProxy = 7BA1E5241938F2AD00860F39 /* PBXContainerItemProxy */;
		};
/* End PBXTargetDependency section */

/* Begin XCBuildConfiguration section */
		7BA1E5221938F25500860F39 /* Debug */ = {
			isa = XCBuildConfiguration;
			buildSettings = {
				CLANG_CXX_LANGUAGE_STANDARD = "gnu++0x";
				CLANG_CXX_LIBRARY = "libc++";
				CLANG_WARN_BOOL_CONVERSION = YES;
				CLANG_WARN_CONSTANT_CONVERSION = YES;
				CLANG_WARN_DIRECT_OBJC_ISA_USAGE = YES_ERROR;
				CLANG_WARN_EMPTY_BODY = YES;
				CLANG_WARN_ENUM_CONVERSION = YES;
				CLANG_WARN_INT_CONVERSION = YES;
				CLANG_WARN_OBJC_ROOT_CLASS = YES_ERROR;
				CLANG_WARN__DUPLICATE_METHOD_MATCH = YES;
				FRAMEWORK_SEARCH_PATHS = "$(HOME)/Library/Frameworks";
				GCC_PREPROCESSOR_DEFINITIONS = (
					"DEBUG=1",
					"$(inherited)",
				);
				GCC_WARN_ABOUT_RETURN_TYPE = YES_ERROR;
				GCC_WARN_UNDECLARED_SELECTOR = YES;
				GCC_WARN_UNINITIALIZED_AUTOS = YES_AGGRESSIVE;
				GCC_WARN_UNUSED_FUNCTION = YES;
				MACOSX_DEPLOYMENT_TARGET = 10.9;
				PRODUCT_NAME = "$(TARGET_NAME)";
			};
			name = Debug;
		};
		7BA1E5231938F25500860F39 /* Release */ = {
			isa = XCBuildConfiguration;
			buildSettings = {
				CLANG_CXX_LANGUAGE_STANDARD = "gnu++0x";
				CLANG_CXX_LIBRARY = "libc++";
				CLANG_WARN_BOOL_CONVERSION = YES;
				CLANG_WARN_CONSTANT_CONVERSION = YES;
				CLANG_WARN_DIRECT_OBJC_ISA_USAGE = YES_ERROR;
				CLANG_WARN_EMPTY_BODY = YES;
				CLANG_WARN_ENUM_CONVERSION = YES;
				CLANG_WARN_INT_CONVERSION = YES;
				CLANG_WARN_OBJC_ROOT_CLASS = YES_ERROR;
				CLANG_WARN__DUPLICATE_METHOD_MATCH = YES;
				ENABLE_NS_ASSERTIONS = NO;
				FRAMEWORK_SEARCH_PATHS = "$(HOME)/Library/Frameworks";
				GCC_WARN_ABOUT_RETURN_TYPE = YES_ERROR;
				GCC_WARN_UNDECLARED_SELECTOR = YES;
				GCC_WARN_UNINITIALIZED_AUTOS = YES_AGGRESSIVE;
				GCC_WARN_UNUSED_FUNCTION = YES;
				MACOSX_DEPLOYMENT_TARGET = 10.9;
				PRODUCT_NAME = "$(TARGET_NAME)";
			};
			name = Release;
		};
		848B2B2114F0EFA8003413DC /* Debug */ = {
			isa = XCBuildConfiguration;
			buildSettings = {
				ALWAYS_SEARCH_USER_PATHS = NO;
				CLANG_ENABLE_MODULES = YES;
				CLANG_ENABLE_OBJC_ARC = YES;
				CLANG_WARN_BOOL_CONVERSION = YES;
				CLANG_WARN_CONSTANT_CONVERSION = YES;
				CLANG_WARN_EMPTY_BODY = YES;
				CLANG_WARN_ENUM_CONVERSION = YES;
				CLANG_WARN_INT_CONVERSION = YES;
				CLANG_WARN__DUPLICATE_METHOD_MATCH = YES;
				COPY_PHASE_STRIP = NO;
				GCC_C_LANGUAGE_STANDARD = c11;
				GCC_DYNAMIC_NO_PIC = NO;
				GCC_ENABLE_OBJC_EXCEPTIONS = YES;
				GCC_OPTIMIZATION_LEVEL = 0;
				GCC_PREPROCESSOR_DEFINITIONS = (
					"DEBUG=1",
					"$(inherited)",
				);
				GCC_SYMBOLS_PRIVATE_EXTERN = NO;
				GCC_VERSION = com.apple.compilers.llvm.clang.1_0;
				GCC_WARN_64_TO_32_BIT_CONVERSION = YES;
				GCC_WARN_ABOUT_RETURN_TYPE = YES;
				GCC_WARN_UNDECLARED_SELECTOR = YES;
				GCC_WARN_UNINITIALIZED_AUTOS = YES;
				GCC_WARN_UNUSED_FUNCTION = YES;
				GCC_WARN_UNUSED_VARIABLE = YES;
				MACOSX_DEPLOYMENT_TARGET = 10.7;
				ONLY_ACTIVE_ARCH = YES;
				SDKROOT = macosx;
			};
			name = Debug;
		};
		848B2B2214F0EFA8003413DC /* Release */ = {
			isa = XCBuildConfiguration;
			buildSettings = {
				ALWAYS_SEARCH_USER_PATHS = NO;
				CLANG_ENABLE_MODULES = YES;
				CLANG_ENABLE_OBJC_ARC = YES;
				CLANG_WARN_BOOL_CONVERSION = YES;
				CLANG_WARN_CONSTANT_CONVERSION = YES;
				CLANG_WARN_EMPTY_BODY = YES;
				CLANG_WARN_ENUM_CONVERSION = YES;
				CLANG_WARN_INT_CONVERSION = YES;
				CLANG_WARN__DUPLICATE_METHOD_MATCH = YES;
				COPY_PHASE_STRIP = YES;
				DEBUG_INFORMATION_FORMAT = "dwarf-with-dsym";
				GCC_C_LANGUAGE_STANDARD = c11;
				GCC_ENABLE_OBJC_EXCEPTIONS = YES;
				GCC_VERSION = com.apple.compilers.llvm.clang.1_0;
				GCC_WARN_64_TO_32_BIT_CONVERSION = YES;
				GCC_WARN_ABOUT_RETURN_TYPE = YES;
				GCC_WARN_UNDECLARED_SELECTOR = YES;
				GCC_WARN_UNINITIALIZED_AUTOS = YES;
				GCC_WARN_UNUSED_FUNCTION = YES;
				GCC_WARN_UNUSED_VARIABLE = YES;
				MACOSX_DEPLOYMENT_TARGET = 10.7;
				SDKROOT = macosx;
			};
			name = Release;
		};
		848B2B2414F0EFA8003413DC /* Debug */ = {
			isa = XCBuildConfiguration;
			buildSettings = {
				COMBINE_HIDPI_IMAGES = YES;
				DYLIB_COMPATIBILITY_VERSION = 1;
				DYLIB_CURRENT_VERSION = 1;
				FRAMEWORK_VERSION = A;
				INFOPLIST_FILE = "ArchDirectoryObserver/ArchDirectoryObserver-Info.plist";
				INSTALL_PATH = "@executable_path/../Frameworks";
				PRODUCT_NAME = "$(TARGET_NAME)";
				WRAPPER_EXTENSION = framework;
			};
			name = Debug;
		};
		848B2B2514F0EFA8003413DC /* Release */ = {
			isa = XCBuildConfiguration;
			buildSettings = {
				COMBINE_HIDPI_IMAGES = YES;
				DYLIB_COMPATIBILITY_VERSION = 1;
				DYLIB_CURRENT_VERSION = 1;
				FRAMEWORK_VERSION = A;
				INFOPLIST_FILE = "ArchDirectoryObserver/ArchDirectoryObserver-Info.plist";
				INSTALL_PATH = "@executable_path/../Frameworks";
				PRODUCT_NAME = "$(TARGET_NAME)";
				WRAPPER_EXTENSION = framework;
			};
			name = Release;
		};
/* End XCBuildConfiguration section */

/* Begin XCConfigurationList section */
		7BA1E5211938F25500860F39 /* Build configuration list for PBXNativeTarget "Example" */ = {
			isa = XCConfigurationList;
			buildConfigurations = (
				7BA1E5221938F25500860F39 /* Debug */,
				7BA1E5231938F25500860F39 /* Release */,
			);
			defaultConfigurationIsVisible = 0;
			defaultConfigurationName = Release;
		};
		848B2AF214F0EFA8003413DC /* Build configuration list for PBXProject "ArchDirectoryObserver" */ = {
			isa = XCConfigurationList;
			buildConfigurations = (
				848B2B2114F0EFA8003413DC /* Debug */,
				848B2B2214F0EFA8003413DC /* Release */,
			);
			defaultConfigurationIsVisible = 0;
			defaultConfigurationName = Release;
		};
		848B2B2314F0EFA8003413DC /* Build configuration list for PBXNativeTarget "ArchDirectoryObserver" */ = {
			isa = XCConfigurationList;
			buildConfigurations = (
				848B2B2414F0EFA8003413DC /* Debug */,
				848B2B2514F0EFA8003413DC /* Release */,
			);
			defaultConfigurationIsVisible = 0;
			defaultConfigurationName = Release;
		};
/* End XCConfigurationList section */
	};
	rootObject = 848B2AEF14F0EFA8003413DC /* Project object */;
}
